
Microsoft Visual Studio Solution File, Format Version 12.00
# Visual Studio Version 16
VisualStudioVersion = 16.0.29409.12
MinimumVisualStudioVersion = 10.0.40219.1
Project("{FAE04EC0-301F-11D3-BF4B-00C04F79EFBC}") = "C21_Ex01_1", "C21_Ex01_01\C21_Ex01_1.csproj", "{2E229C9C-ABF5-486C-82CC-D070D499E31F}"
EndProject
Project("{FAE04EC0-301F-11D3-BF4B-00C04F79EFBC}") = "C21_Ex01_2", "C21_Ex01_02\C21_Ex01_2.csproj", "{DF61FF67-B6CE-4C0A-84A5-B84B421AEA09}"
EndProject
Project("{FAE04EC0-301F-11D3-BF4B-00C04F79EFBC}") = "C21_Ex01_5", "C21_Ex01_5\C21_Ex01_5.csproj", "{CF8EF2A3-DAFE-400F-B2E8-A85B4918CB92}"
EndProject
Project("{FAE04EC0-301F-11D3-BF4B-00C04F79EFBC}") = "test", "test\test.csproj", "{E58BC9DC-09EB-4B0D-A3B6-36377FEB8EAE}"
EndProject
Project("{FAE04EC0-301F-11D3-BF4B-00C04F79EFBC}") = "C21_Ex01_3", "C21_Ex01_3\C21_Ex01_3.csproj", "{73424FC0-BE11-420C-AD6F-2F92B0B60655}"
EndProject
Project("{FAE04EC0-301F-11D3-BF4B-00C04F79EFBC}") = "C21_Ex01_4", "C21_Ex01_4\C21_Ex01_4.csproj", "{A6ABAB0D-BA7C-4310-80F3-942CEF327416}"
EndProject
Global
	GlobalSection(SolutionConfigurationPlatforms) = preSolution
		Debug|Any CPU = Debug|Any CPU
		Release|Any CPU = Release|Any CPU
	EndGlobalSection
	GlobalSection(ProjectConfigurationPlatforms) = postSolution
		{2E229C9C-ABF5-486C-82CC-D070D499E31F}.Debug|Any CPU.ActiveCfg = Debug|Any CPU
		{2E229C9C-ABF5-486C-82CC-D070D499E31F}.Debug|Any CPU.Build.0 = Debug|Any CPU
		{2E229C9C-ABF5-486C-82CC-D070D499E31F}.Release|Any CPU.ActiveCfg = Release|Any CPU
		{2E229C9C-ABF5-486C-82CC-D070D499E31F}.Release|Any CPU.Build.0 = Release|Any CPU
		{DF61FF67-B6CE-4C0A-84A5-B84B421AEA09}.Debug|Any CPU.ActiveCfg = Debug|Any CPU
		{DF61FF67-B6CE-4C0A-84A5-B84B421AEA09}.Debug|Any CPU.Build.0 = Debug|Any CPU
		{DF61FF67-B6CE-4C0A-84A5-B84B421AEA09}.Release|Any CPU.ActiveCfg = Release|Any CPU
		{DF61FF67-B6CE-4C0A-84A5-B84B421AEA09}.Release|Any CPU.Build.0 = Release|Any CPU
		{CF8EF2A3-DAFE-400F-B2E8-A85B4918CB92}.Debug|Any CPU.ActiveCfg = Debug|Any CPU
		{CF8EF2A3-DAFE-400F-B2E8-A85B4918CB92}.Debug|Any CPU.Build.0 = Debug|Any CPU
		{CF8EF2A3-DAFE-400F-B2E8-A85B4918CB92}.Release|Any CPU.ActiveCfg = Release|Any CPU
		{CF8EF2A3-DAFE-400F-B2E8-A85B4918CB92}.Release|Any CPU.Build.0 = Release|Any CPU
		{E58BC9DC-09EB-4B0D-A3B6-36377FEB8EAE}.Debug|Any CPU.ActiveCfg = Debug|Any CPU
		{E58BC9DC-09EB-4B0D-A3B6-36377FEB8EAE}.Debug|Any CPU.Build.0 = Debug|Any CPU
		{E58BC9DC-09EB-4B0D-A3B6-36377FEB8EAE}.Release|Any CPU.ActiveCfg = Release|Any CPU
		{E58BC9DC-09EB-4B0D-A3B6-36377FEB8EAE}.Release|Any CPU.Build.0 = Release|Any CPU
		{73424FC0-BE11-420C-AD6F-2F92B0B60655}.Debug|Any CPU.ActiveCfg = Debug|Any CPU
		{73424FC0-BE11-420C-AD6F-2F92B0B60655}.Debug|Any CPU.Build.0 = Debug|Any CPU
		{73424FC0-BE11-420C-AD6F-2F92B0B60655}.Release|Any CPU.ActiveCfg = Release|Any CPU
		{73424FC0-BE11-420C-AD6F-2F92B0B60655}.Release|Any CPU.Build.0 = Release|Any CPU
		{A6ABAB0D-BA7C-4310-80F3-942CEF327416}.Debug|Any CPU.ActiveCfg = Debug|Any CPU
		{A6ABAB0D-BA7C-4310-80F3-942CEF327416}.Debug|Any CPU.Build.0 = Debug|Any CPU
		{A6ABAB0D-BA7C-4310-80F3-942CEF327416}.Release|Any CPU.ActiveCfg = Release|Any CPU
		{A6ABAB0D-BA7C-4310-80F3-942CEF327416}.Release|Any CPU.Build.0 = Release|Any CPU
	EndGlobalSection
	GlobalSection(SolutionProperties) = preSolution
		HideSolutionNode = FALSE
	EndGlobalSection
	GlobalSection(ExtensibilityGlobals) = postSolution
		SolutionGuid = {2072A290-01C8-4D6D-A932-A81982D2344D}
	EndGlobalSection
EndGlobal
